// !$*UTF8*$!
{
	archiveVersion = 1;
	classes = {
	};
	objectVersion = 50;
	objects = {

/* Begin PBXBuildFile section */
		3F528E6E23EA47AD00390BE5 /* Storyboard.storyboard in Resources */ = {isa = PBXBuildFile; fileRef = 3F528E6D23EA47AD00390BE5 /* Storyboard.storyboard */; };
		3F6FAB2A23EA312E006B66FD /* AppDelegate.swift in Sources */ = {isa = PBXBuildFile; fileRef = 3F6FAB2923EA312E006B66FD /* AppDelegate.swift */; };
		3F6FAB2C23EA312E006B66FD /* SceneDelegate.swift in Sources */ = {isa = PBXBuildFile; fileRef = 3F6FAB2B23EA312E006B66FD /* SceneDelegate.swift */; };
		3F6FAB2E23EA312E006B66FD /* ContentView.swift in Sources */ = {isa = PBXBuildFile; fileRef = 3F6FAB2D23EA312E006B66FD /* ContentView.swift */; };
		3F6FAB3023EA3130006B66FD /* Assets.xcassets in Resources */ = {isa = PBXBuildFile; fileRef = 3F6FAB2F23EA3130006B66FD /* Assets.xcassets */; };
		3F6FAB3323EA3130006B66FD /* Preview Assets.xcassets in Resources */ = {isa = PBXBuildFile; fileRef = 3F6FAB3223EA3130006B66FD /* Preview Assets.xcassets */; };
		3F6FAB3623EA3130006B66FD /* LaunchScreen.storyboard in Resources */ = {isa = PBXBuildFile; fileRef = 3F6FAB3423EA3130006B66FD /* LaunchScreen.storyboard */; };
		3F6FAB4123EA3130006B66FD /* firstAppTests.swift in Sources */ = {isa = PBXBuildFile; fileRef = 3F6FAB4023EA3130006B66FD /* firstAppTests.swift */; };
		3F6FAB5923EA331C006B66FD /* firstAppUITests.swift in Sources */ = {isa = PBXBuildFile; fileRef = 3F6FAB4B23EA3130006B66FD /* firstAppUITests.swift */; };
/* End PBXBuildFile section */

/* Begin PBXContainerItemProxy section */
		3F6FAB3D23EA3130006B66FD /* PBXContainerItemProxy */ = {
			isa = PBXContainerItemProxy;
			containerPortal = 3F6FAB1E23EA312E006B66FD /* Project object */;
			proxyType = 1;
			remoteGlobalIDString = 3F6FAB2523EA312E006B66FD;
			remoteInfo = firstApp;
		};
		3F6FAB4823EA3130006B66FD /* PBXContainerItemProxy */ = {
			isa = PBXContainerItemProxy;
			containerPortal = 3F6FAB1E23EA312E006B66FD /* Project object */;
			proxyType = 1;
			remoteGlobalIDString = 3F6FAB2523EA312E006B66FD;
			remoteInfo = firstApp;
		};
/* End PBXContainerItemProxy section */

/* Begin PBXFileReference section */
		3F528E6D23EA47AD00390BE5 /* Storyboard.storyboard */ = {isa = PBXFileReference; lastKnownFileType = file.storyboard; path = Storyboard.storyboard; sourceTree = "<group>"; };
		3F6FAB2623EA312E006B66FD /* firstApp.app */ = {isa = PBXFileReference; explicitFileType = wrapper.application; includeInIndex = 0; path = firstApp.app; sourceTree = BUILT_PRODUCTS_DIR; };
		3F6FAB2923EA312E006B66FD /* AppDelegate.swift */ = {isa = PBXFileReference; lastKnownFileType = sourcecode.swift; path = AppDelegate.swift; sourceTree = "<group>"; };
		3F6FAB2B23EA312E006B66FD /* SceneDelegate.swift */ = {isa = PBXFileReference; lastKnownFileType = sourcecode.swift; path = SceneDelegate.swift; sourceTree = "<group>"; };
		3F6FAB2D23EA312E006B66FD /* ContentView.swift */ = {isa = PBXFileReference; lastKnownFileType = sourcecode.swift; path = ContentView.swift; sourceTree = "<group>"; };
		3F6FAB2F23EA3130006B66FD /* Assets.xcassets */ = {isa = PBXFileReference; lastKnownFileType = folder.assetcatalog; path = Assets.xcassets; sourceTree = "<group>"; };
		3F6FAB3223EA3130006B66FD /* Preview Assets.xcassets */ = {isa = PBXFileReference; lastKnownFileType = folder.assetcatalog; path = "Preview Assets.xcassets"; sourceTree = "<group>"; };
		3F6FAB3523EA3130006B66FD /* Base */ = {isa = PBXFileReference; lastKnownFileType = file.storyboard; name = Base; path = Base.lproj/LaunchScreen.storyboard; sourceTree = "<group>"; };
		3F6FAB3723EA3130006B66FD /* Info.plist */ = {isa = PBXFileReference; lastKnownFileType = text.plist.xml; path = Info.plist; sourceTree = "<group>"; };
		3F6FAB3C23EA3130006B66FD /* firstAppTests.xctest */ = {isa = PBXFileReference; explicitFileType = wrapper.cfbundle; includeInIndex = 0; path = firstAppTests.xctest; sourceTree = BUILT_PRODUCTS_DIR; };
		3F6FAB4023EA3130006B66FD /* firstAppTests.swift */ = {isa = PBXFileReference; lastKnownFileType = sourcecode.swift; path = firstAppTests.swift; sourceTree = "<group>"; };
		3F6FAB4223EA3130006B66FD /* Info.plist */ = {isa = PBXFileReference; lastKnownFileType = text.plist.xml; path = Info.plist; sourceTree = "<group>"; };
		3F6FAB4723EA3130006B66FD /* firstAppUITests.xctest */ = {isa = PBXFileReference; explicitFileType = wrapper.cfbundle; includeInIndex = 0; path = firstAppUITests.xctest; sourceTree = BUILT_PRODUCTS_DIR; };
		3F6FAB4B23EA3130006B66FD /* firstAppUITests.swift */ = {isa = PBXFileReference; lastKnownFileType = sourcecode.swift; name = firstAppUITests.swift; path = ../firstAppUITests/firstAppUITests.swift; sourceTree = "<group>"; };
		3F6FAB4D23EA3130006B66FD /* Info.plist */ = {isa = PBXFileReference; lastKnownFileType = text.plist.xml; path = Info.plist; sourceTree = "<group>"; };
/* End PBXFileReference section */

/* Begin PBXFrameworksBuildPhase section */
		3F6FAB2323EA312E006B66FD /* Frameworks */ = {
			isa = PBXFrameworksBuildPhase;
			buildActionMask = 2147483647;
			files = (
			);
			runOnlyForDeploymentPostprocessing = 0;
		};
		3F6FAB3923EA3130006B66FD /* Frameworks */ = {
			isa = PBXFrameworksBuildPhase;
			buildActionMask = 2147483647;
			files = (
			);
			runOnlyForDeploymentPostprocessing = 0;
		};
		3F6FAB4423EA3130006B66FD /* Frameworks */ = {
			isa = PBXFrameworksBuildPhase;
			buildActionMask = 2147483647;
			files = (
			);
			runOnlyForDeploymentPostprocessing = 0;
		};
/* End PBXFrameworksBuildPhase section */

/* Begin PBXGroup section */
		3F6FAB1D23EA312E006B66FD = {
			isa = PBXGroup;
			children = (
				3F6FAB2823EA312E006B66FD /* firstApp */,
				3F6FAB3F23EA3130006B66FD /* firstAppTests */,
				3F6FAB4A23EA3130006B66FD /* firstAppUITests */,
				3F6FAB2723EA312E006B66FD /* Products */,
			);
			sourceTree = "<group>";
		};
		3F6FAB2723EA312E006B66FD /* Products */ = {
			isa = PBXGroup;
			children = (
				3F6FAB2623EA312E006B66FD /* firstApp.app */,
				3F6FAB3C23EA3130006B66FD /* firstAppTests.xctest */,
				3F6FAB4723EA3130006B66FD /* firstAppUITests.xctest */,
			);
			name = Products;
			sourceTree = "<group>";
		};
		3F6FAB2823EA312E006B66FD /* firstApp */ = {
			isa = PBXGroup;
			children = (
				3F6FAB2923EA312E006B66FD /* AppDelegate.swift */,
				3F6FAB2B23EA312E006B66FD /* SceneDelegate.swift */,
				3F6FAB2D23EA312E006B66FD /* ContentView.swift */,
				3F6FAB2F23EA3130006B66FD /* Assets.xcassets */,
				3F6FAB3423EA3130006B66FD /* LaunchScreen.storyboard */,
				3F6FAB3723EA3130006B66FD /* Info.plist */,
				3F6FAB3123EA3130006B66FD /* Preview Content */,
				3F528E6D23EA47AD00390BE5 /* Storyboard.storyboard */,
			);
			path = firstApp;
			sourceTree = "<group>";
		};
		3F6FAB3123EA3130006B66FD /* Preview Content */ = {
			isa = PBXGroup;
			children = (
				3F6FAB3223EA3130006B66FD /* Preview Assets.xcassets */,
			);
			path = "Preview Content";
			sourceTree = "<group>";
		};
		3F6FAB3F23EA3130006B66FD /* firstAppTests */ = {
			isa = PBXGroup;
			children = (
				3F6FAB4B23EA3130006B66FD /* firstAppUITests.swift */,
				3F6FAB4023EA3130006B66FD /* firstAppTests.swift */,
				3F6FAB4223EA3130006B66FD /* Info.plist */,
			);
			path = firstAppTests;
			sourceTree = "<group>";
		};
		3F6FAB4A23EA3130006B66FD /* firstAppUITests */ = {
			isa = PBXGroup;
			children = (
				3F6FAB4D23EA3130006B66FD /* Info.plist */,
			);
			path = firstAppUITests;
			sourceTree = "<group>";
		};
/* End PBXGroup section */

/* Begin PBXNativeTarget section */
		3F6FAB2523EA312E006B66FD /* firstApp */ = {
			isa = PBXNativeTarget;
			buildConfigurationList = 3F6FAB5023EA3130006B66FD /* Build configuration list for PBXNativeTarget "firstApp" */;
			buildPhases = (
				3F6FAB2223EA312E006B66FD /* Sources */,
				3F6FAB2323EA312E006B66FD /* Frameworks */,
				3F6FAB2423EA312E006B66FD /* Resources */,
			);
			buildRules = (
			);
			dependencies = (
			);
			name = firstApp;
			productName = firstApp;
			productReference = 3F6FAB2623EA312E006B66FD /* firstApp.app */;
			productType = "com.apple.product-type.application";
		};
		3F6FAB3B23EA3130006B66FD /* firstAppTests */ = {
			isa = PBXNativeTarget;
			buildConfigurationList = 3F6FAB5323EA3130006B66FD /* Build configuration list for PBXNativeTarget "firstAppTests" */;
			buildPhases = (
				3F6FAB3823EA3130006B66FD /* Sources */,
				3F6FAB3923EA3130006B66FD /* Frameworks */,
				3F6FAB3A23EA3130006B66FD /* Resources */,
			);
			buildRules = (
			);
			dependencies = (
				3F6FAB3E23EA3130006B66FD /* PBXTargetDependency */,
			);
			name = firstAppTests;
			productName = firstAppTests;
			productReference = 3F6FAB3C23EA3130006B66FD /* firstAppTests.xctest */;
			productType = "com.apple.product-type.bundle.unit-test";
		};
		3F6FAB4623EA3130006B66FD /* firstAppUITests */ = {
			isa = PBXNativeTarget;
			buildConfigurationList = 3F6FAB5623EA3130006B66FD /* Build configuration list for PBXNativeTarget "firstAppUITests" */;
			buildPhases = (
				3F6FAB4323EA3130006B66FD /* Sources */,
				3F6FAB4423EA3130006B66FD /* Frameworks */,
				3F6FAB4523EA3130006B66FD /* Resources */,
			);
			buildRules = (
			);
			dependencies = (
				3F6FAB4923EA3130006B66FD /* PBXTargetDependency */,
			);
			name = firstAppUITests;
			productName = firstAppUITests;
			productReference = 3F6FAB4723EA3130006B66FD /* firstAppUITests.xctest */;
			productType = "com.apple.product-type.bundle.ui-testing";
		};
/* End PBXNativeTarget section */

/* Begin PBXProject section */
		3F6FAB1E23EA312E006B66FD /* Project object */ = {
			isa = PBXProject;
			attributes = {
				LastSwiftUpdateCheck = 1130;
				LastUpgradeCheck = 1130;
				ORGANIZATIONNAME = Student;
				TargetAttributes = {
					3F6FAB2523EA312E006B66FD = {
						CreatedOnToolsVersion = 11.3;
					};
					3F6FAB3B23EA3130006B66FD = {
						CreatedOnToolsVersion = 11.3;
						TestTargetID = 3F6FAB2523EA312E006B66FD;
					};
					3F6FAB4623EA3130006B66FD = {
						CreatedOnToolsVersion = 11.3;
						TestTargetID = 3F6FAB2523EA312E006B66FD;
					};
				};
			};
			buildConfigurationList = 3F6FAB2123EA312E006B66FD /* Build configuration list for PBXProject "firstApp" */;
			compatibilityVersion = "Xcode 9.3";
			developmentRegion = en;
			hasScannedForEncodings = 0;
			knownRegions = (
				en,
				Base,
			);
			mainGroup = 3F6FAB1D23EA312E006B66FD;
			productRefGroup = 3F6FAB2723EA312E006B66FD /* Products */;
			projectDirPath = "";
			projectRoot = "";
			targets = (
				3F6FAB2523EA312E006B66FD /* firstApp */,
				3F6FAB3B23EA3130006B66FD /* firstAppTests */,
				3F6FAB4623EA3130006B66FD /* firstAppUITests */,
			);
		};
/* End PBXProject section */

/* Begin PBXResourcesBuildPhase section */
		3F6FAB2423EA312E006B66FD /* Resources */ = {
			isa = PBXResourcesBuildPhase;
			buildActionMask = 2147483647;
			files = (
				3F6FAB3623EA3130006B66FD /* LaunchScreen.storyboard in Resources */,
				3F528E6E23EA47AD00390BE5 /* Storyboard.storyboard in Resources */,
				3F6FAB3323EA3130006B66FD /* Preview Assets.xcassets in Resources */,
				3F6FAB3023EA3130006B66FD /* Assets.xcassets in Resources */,
			);
			runOnlyForDeploymentPostprocessing = 0;
		};
		3F6FAB3A23EA3130006B66FD /* Resources */ = {
			isa = PBXResourcesBuildPhase;
			buildActionMask = 2147483647;
			files = (
			);
			runOnlyForDeploymentPostprocessing = 0;
		};
		3F6FAB4523EA3130006B66FD /* Resources */ = {
			isa = PBXResourcesBuildPhase;
			buildActionMask = 2147483647;
			files = (
			);
			runOnlyForDeploymentPostprocessing = 0;
		};
/* End PBXResourcesBuildPhase section */

/* Begin PBXSourcesBuildPhase section */
		3F6FAB2223EA312E006B66FD /* Sources */ = {
			isa = PBXSourcesBuildPhase;
			buildActionMask = 2147483647;
			files = (
				3F6FAB2A23EA312E006B66FD /* AppDelegate.swift in Sources */,
				3F6FAB2C23EA312E006B66FD /* SceneDelegate.swift in Sources */,
				3F6FAB2E23EA312E006B66FD /* ContentView.swift in Sources */,
			);
			runOnlyForDeploymentPostprocessing = 0;
		};
		3F6FAB3823EA3130006B66FD /* Sources */ = {
			isa = PBXSourcesBuildPhase;
			buildActionMask = 2147483647;
			files = (
				3F6FAB5923EA331C006B66FD /* firstAppUITests.swift in Sources */,
				3F6FAB4123EA3130006B66FD /* firstAppTests.swift in Sources */,
			);
			runOnlyForDeploymentPostprocessing = 0;
		};
		3F6FAB4323EA3130006B66FD /* Sources */ = {
			isa = PBXSourcesBuildPhase;
			buildActionMask = 2147483647;
			files = (
			);
			runOnlyForDeploymentPostprocessing = 0;
		};
/* End PBXSourcesBuildPhase section */

/* Begin PBXTargetDependency section */
		3F6FAB3E23EA3130006B66FD /* PBXTargetDependency */ = {
			isa = PBXTargetDependency;
			target = 3F6FAB2523EA312E006B66FD /* firstApp */;
			targetProxy = 3F6FAB3D23EA3130006B66FD /* PBXContainerItemProxy */;
		};
		3F6FAB4923EA3130006B66FD /* PBXTargetDependency */ = {
			isa = PBXTargetDependency;
			target = 3F6FAB2523EA312E006B66FD /* firstApp */;
			targetProxy = 3F6FAB4823EA3130006B66FD /* PBXContainerItemProxy */;
		};
/* End PBXTargetDependency section */

/* Begin PBXVariantGroup section */
		3F6FAB3423EA3130006B66FD /* LaunchScreen.storyboard */ = {
			isa = PBXVariantGroup;
			children = (
				3F6FAB3523EA3130006B66FD /* Base */,
			);
			name = LaunchScreen.storyboard;
			sourceTree = "<group>";
		};
/* End PBXVariantGroup section */

/* Begin XCBuildConfiguration section */
		3F6FAB4E23EA3130006B66FD /* Debug */ = {
			isa = XCBuildConfiguration;
			buildSettings = {
				ALWAYS_SEARCH_USER_PATHS = NO;
				CLANG_ANALYZER_NONNULL = YES;
				CLANG_ANALYZER_NUMBER_OBJECT_CONVERSION = YES_AGGRESSIVE;
				CLANG_CXX_LANGUAGE_STANDARD = "gnu++14";
				CLANG_CXX_LIBRARY = "libc++";
				CLANG_ENABLE_MODULES = YES;
				CLANG_ENABLE_OBJC_ARC = YES;
				CLANG_ENABLE_OBJC_WEAK = YES;
				CLANG_WARN_BLOCK_CAPTURE_AUTORELEASING = YES;
				CLANG_WARN_BOOL_CONVERSION = YES;
				CLANG_WARN_COMMA = YES;
				CLANG_WARN_CONSTANT_CONVERSION = YES;
				CLANG_WARN_DEPRECATED_OBJC_IMPLEMENTATIONS = YES;
				CLANG_WARN_DIRECT_OBJC_ISA_USAGE = YES_ERROR;
				CLANG_WARN_DOCUMENTATION_COMMENTS = YES;
				CLANG_WARN_EMPTY_BODY = YES;
				CLANG_WARN_ENUM_CONVERSION = YES;
				CLANG_WARN_INFINITE_RECURSION = YES;
				CLANG_WARN_INT_CONVERSION = YES;
				CLANG_WARN_NON_LITERAL_NULL_CONVERSION = YES;
				CLANG_WARN_OBJC_IMPLICIT_RETAIN_SELF = YES;
				CLANG_WARN_OBJC_LITERAL_CONVERSION = YES;
				CLANG_WARN_OBJC_ROOT_CLASS = YES_ERROR;
				CLANG_WARN_RANGE_LOOP_ANALYSIS = YES;
				CLANG_WARN_STRICT_PROTOTYPES = YES;
				CLANG_WARN_SUSPICIOUS_MOVE = YES;
				CLANG_WARN_UNGUARDED_AVAILABILITY = YES_AGGRESSIVE;
				CLANG_WARN_UNREACHABLE_CODE = YES;
				CLANG_WARN__DUPLICATE_METHOD_MATCH = YES;
				COPY_PHASE_STRIP = NO;
				DEBUG_INFORMATION_FORMAT = dwarf;
				ENABLE_STRICT_OBJC_MSGSEND = YES;
				ENABLE_TESTABILITY = YES;
				GCC_C_LANGUAGE_STANDARD = gnu11;
				GCC_DYNAMIC_NO_PIC = NO;
				GCC_NO_COMMON_BLOCKS = YES;
				GCC_OPTIMIZATION_LEVEL = 0;
				GCC_PREPROCESSOR_DEFINITIONS = (
					"DEBUG=1",
					"$(inherited)",
				);
				GCC_WARN_64_TO_32_BIT_CONVERSION = YES;
				GCC_WARN_ABOUT_RETURN_TYPE = YES_ERROR;
				GCC_WARN_UNDECLARED_SELECTOR = YES;
				GCC_WARN_UNINITIALIZED_AUTOS = YES_AGGRESSIVE;
				GCC_WARN_UNUSED_FUNCTION = YES;
				GCC_WARN_UNUSED_VARIABLE = YES;
				IPHONEOS_DEPLOYMENT_TARGET = 13.2;
				MTL_ENABLE_DEBUG_INFO = INCLUDE_SOURCE;
				MTL_FAST_MATH = YES;
				ONLY_ACTIVE_ARCH = YES;
				SDKROOT = iphoneos;
				SWIFT_ACTIVE_COMPILATION_CONDITIONS = DEBUG;
				SWIFT_OPTIMIZATION_LEVEL = "-Onone";
			};
			name = Debug;
		};
		3F6FAB4F23EA3130006B66FD /* Release */ = {
			isa = XCBuildConfiguration;
			buildSettings = {
				ALWAYS_SEARCH_USER_PATHS = NO;
				CLANG_ANALYZER_NONNULL = YES;
				CLANG_ANALYZER_NUMBER_OBJECT_CONVERSION = YES_AGGRESSIVE;
				CLANG_CXX_LANGUAGE_STANDARD = "gnu++14";
				CLANG_CXX_LIBRARY = "libc++";
				CLANG_ENABLE_MODULES = YES;
				CLANG_ENABLE_OBJC_ARC = YES;
				CLANG_ENABLE_OBJC_WEAK = YES;
				CLANG_WARN_BLOCK_CAPTURE_AUTORELEASING = YES;
				CLANG_WARN_BOOL_CONVERSION = YES;
				CLANG_WARN_COMMA = YES;
				CLANG_WARN_CONSTANT_CONVERSION = YES;
				CLANG_WARN_DEPRECATED_OBJC_IMPLEMENTATIONS = YES;
				CLANG_WARN_DIRECT_OBJC_ISA_USAGE = YES_ERROR;
				CLANG_WARN_DOCUMENTATION_COMMENTS = YES;
				CLANG_WARN_EMPTY_BODY = YES;
				CLANG_WARN_ENUM_CONVERSION = YES;
				CLANG_WARN_INFINITE_RECURSION = YES;
				CLANG_WARN_INT_CONVERSION = YES;
				CLANG_WARN_NON_LITERAL_NULL_CONVERSION = YES;
				CLANG_WARN_OBJC_IMPLICIT_RETAIN_SELF = YES;
				CLANG_WARN_OBJC_LITERAL_CONVERSION = YES;
				CLANG_WARN_OBJC_ROOT_CLASS = YES_ERROR;
				CLANG_WARN_RANGE_LOOP_ANALYSIS = YES;
				CLANG_WARN_STRICT_PROTOTYPES = YES;
				CLANG_WARN_SUSPICIOUS_MOVE = YES;
				CLANG_WARN_UNGUARDED_AVAILABILITY = YES_AGGRESSIVE;
				CLANG_WARN_UNREACHABLE_CODE = YES;
				CLANG_WARN__DUPLICATE_METHOD_MATCH = YES;
				COPY_PHASE_STRIP = NO;
				DEBUG_INFORMATION_FORMAT = "dwarf-with-dsym";
				ENABLE_NS_ASSERTIONS = NO;
				ENABLE_STRICT_OBJC_MSGSEND = YES;
				GCC_C_LANGUAGE_STANDARD = gnu11;
				GCC_NO_COMMON_BLOCKS = YES;
				GCC_WARN_64_TO_32_BIT_CONVERSION = YES;
				GCC_WARN_ABOUT_RETURN_TYPE = YES_ERROR;
				GCC_WARN_UNDECLARED_SELECTOR = YES;
				GCC_WARN_UNINITIALIZED_AUTOS = YES_AGGRESSIVE;
				GCC_WARN_UNUSED_FUNCTION = YES;
				GCC_WARN_UNUSED_VARIABLE = YES;
				IPHONEOS_DEPLOYMENT_TARGET = 13.2;
				MTL_ENABLE_DEBUG_INFO = NO;
				MTL_FAST_MATH = YES;
				SDKROOT = iphoneos;
				SWIFT_COMPILATION_MODE = wholemodule;
				SWIFT_OPTIMIZATION_LEVEL = "-O";
				VALIDATE_PRODUCT = YES;
			};
			name = Release;
		};
		3F6FAB5123EA3130006B66FD /* Debug */ = {
			isa = XCBuildConfiguration;
			buildSettings = {
				ASSETCATALOG_COMPILER_APPICON_NAME = AppIcon;
				CODE_SIGN_STYLE = Automatic;
				DEVELOPMENT_ASSET_PATHS = "\"firstApp/Preview Content\"";
				ENABLE_PREVIEWS = YES;
				INFOPLIST_FILE = firstApp/Info.plist;
				LD_RUNPATH_SEARCH_PATHS = (
					"$(inherited)",
					"@executable_path/Frameworks",
				);
				PRODUCT_BUNDLE_IDENTIFIER = teste.firstApp;
				PRODUCT_NAME = "$(TARGET_NAME)";
				SWIFT_VERSION = 5.0;
				TARGETED_DEVICE_FAMILY = "1,2";
			};
			name = Debug;
		};
		3F6FAB5223EA3130006B66FD /* Release */ = {
			isa = XCBuildConfiguration;
			buildSettings = {
				ASSETCATALOG_COMPILER_APPICON_NAME = AppIcon;
				CODE_SIGN_STYLE = Automatic;
				DEVELOPMENT_ASSET_PATHS = "\"firstApp/Preview Content\"";
				ENABLE_PREVIEWS = YES;
				INFOPLIST_FILE = firstApp/Info.plist;
				LD_RUNPATH_SEARCH_PATHS = (
					"$(inherited)",
					"@executable_path/Frameworks",
				);
				PRODUCT_BUNDLE_IDENTIFIER = teste.firstApp;
				PRODUCT_NAME = "$(TARGET_NAME)";
				SWIFT_VERSION = 5.0;
				TARGETED_DEVICE_FAMILY = "1,2";
			};
			name = Release;
		};
		3F6FAB5423EA3130006B66FD /* Debug */ = {
			isa = XCBuildConfiguration;
			buildSettings = {
				ALWAYS_EMBED_SWIFT_STANDARD_LIBRARIES = YES;
				BUNDLE_LOADER = "$(TEST_HOST)";
				CODE_SIGN_STYLE = Automatic;
				INFOPLIST_FILE = firstAppTests/Info.plist;
				IPHONEOS_DEPLOYMENT_TARGET = 13.2;
				LD_RUNPATH_SEARCH_PATHS = (
					"$(inherited)",
					"@executable_path/Frameworks",
					"@loader_path/Frameworks",
				);
				PRODUCT_BUNDLE_IDENTIFIER = teste.firstAppTests;
				PRODUCT_NAME = "$(TARGET_NAME)";
				SWIFT_VERSION = 5.0;
				TARGETED_DEVICE_FAMILY = "1,2";
				TEST_HOST = "$(BUILT_PRODUCTS_DIR)/firstApp.app/firstApp";
			};
			name = Debug;
		};
		3F6FAB5523EA3130006B66FD /* Release */ = {
			isa = XCBuildConfiguration;
			buildSettings = {
				ALWAYS_EMBED_SWIFT_STANDARD_LIBRARIES = YES;
				BUNDLE_LOADER = "$(TEST_HOST)";
				CODE_SIGN_STYLE = Automatic;
				INFOPLIST_FILE = firstAppTests/Info.plist;
				IPHONEOS_DEPLOYMENT_TARGET = 13.2;
				LD_RUNPATH_SEARCH_PATHS = (
					"$(inherited)",
					"@executable_path/Frameworks",
					"@loader_path/Frameworks",
				);
				PRODUCT_BUNDLE_IDENTIFIER = teste.firstAppTests;
				PRODUCT_NAME = "$(TARGET_NAME)";
				SWIFT_VERSION = 5.0;
				TARGETED_DEVICE_FAMILY = "1,2";
				TEST_HOST = "$(BUILT_PRODUCTS_DIR)/firstApp.app/firstApp";
			};
			name = Release;
		};
		3F6FAB5723EA3130006B66FD /* Debug */ = {
			isa = XCBuildConfiguration;
			buildSettings = {
				ALWAYS_EMBED_SWIFT_STANDARD_LIBRARIES = YES;
				CODE_SIGN_STYLE = Automatic;
				INFOPLIST_FILE = firstAppUITests/Info.plist;
				LD_RUNPATH_SEARCH_PATHS = (
					"$(inherited)",
					"@executable_path/Frameworks",
					"@loader_path/Frameworks",
				);
				PRODUCT_BUNDLE_IDENTIFIER = teste.firstAppUITests;
				PRODUCT_NAME = "$(TARGET_NAME)";
				SWIFT_VERSION = 5.0;
				TARGETED_DEVICE_FAMILY = "1,2";
				TEST_TARGET_NAME = firstApp;
			};
			name = Debug;
		};
		3F6FAB5823EA3130006B66FD /* Release */ = {
			isa = XCBuildConfiguration;
			buildSettings = {
				ALWAYS_EMBED_SWIFT_STANDARD_LIBRARIES = YES;
				CODE_SIGN_STYLE = Automatic;
				INFOPLIST_FILE = firstAppUITests/Info.plist;
				LD_RUNPATH_SEARCH_PATHS = (
					"$(inherited)",
					"@executable_path/Frameworks",
					"@loader_path/Frameworks",
				);
				PRODUCT_BUNDLE_IDENTIFIER = teste.firstAppUITests;
				PRODUCT_NAME = "$(TARGET_NAME)";
				SWIFT_VERSION = 5.0;
				TARGETED_DEVICE_FAMILY = "1,2";
				TEST_TARGET_NAME = firstApp;
			};
			name = Release;
		};
/* End XCBuildConfiguration section */

/* Begin XCConfigurationList section */
		3F6FAB2123EA312E006B66FD /* Build configuration list for PBXProject "firstApp" */ = {
			isa = XCConfigurationList;
			buildConfigurations = (
				3F6FAB4E23EA3130006B66FD /* Debug */,
				3F6FAB4F23EA3130006B66FD /* Release */,
			);
			defaultConfigurationIsVisible = 0;
			defaultConfigurationName = Release;
		};
		3F6FAB5023EA3130006B66FD /* Build configuration list for PBXNativeTarget "firstApp" */ = {
			isa = XCConfigurationList;
			buildConfigurations = (
				3F6FAB5123EA3130006B66FD /* Debug */,
				3F6FAB5223EA3130006B66FD /* Release */,
			);
			defaultConfigurationIsVisible = 0;
			defaultConfigurationName = Release;
		};
		3F6FAB5323EA3130006B66FD /* Build configuration list for PBXNativeTarget "firstAppTests" */ = {
			isa = XCConfigurationList;
			buildConfigurations = (
				3F6FAB5423EA3130006B66FD /* Debug */,
				3F6FAB5523EA3130006B66FD /* Release */,
			);
			defaultConfigurationIsVisible = 0;
			defaultConfigurationName = Release;
		};
		3F6FAB5623EA3130006B66FD /* Build configuration list for PBXNativeTarget "firstAppUITests" */ = {
			isa = XCConfigurationList;
			buildConfigurations = (
				3F6FAB5723EA3130006B66FD /* Debug */,
				3F6FAB5823EA3130006B66FD /* Release */,
			);
			defaultConfigurationIsVisible = 0;
			defaultConfigurationName = Release;
		};
/* End XCConfigurationList section */
	};
	rootObject = 3F6FAB1E23EA312E006B66FD /* Project object */;
}
